
Microsoft Visual Studio Solution File, Format Version 11.00
# Visual Studio 2010
# SharpDevelop 5.1
Project("{FAE04EC0-301F-11D3-BF4B-00C04F79EFBC}") = "Integrador", "Integrador\Integrador.csproj", "{C8F24BFF-8E51-4557-90BA-7762E9AB351C}"
EndProject
Global
	GlobalSection(SolutionConfigurationPlatforms) = preSolution
		Debug|Any CPU = Debug|Any CPU
		Release|Any CPU = Release|Any CPU
	EndGlobalSection
	GlobalSection(ProjectConfigurationPlatforms) = postSolution
		{C8F24BFF-8E51-4557-90BA-7762E9AB351C}.Debug|Any CPU.ActiveCfg = Debug|Any CPU
		{C8F24BFF-8E51-4557-90BA-7762E9AB351C}.Debug|Any CPU.Build.0 = Debug|Any CPU
		{C8F24BFF-8E51-4557-90BA-7762E9AB351C}.Release|Any CPU.ActiveCfg = Release|Any CPU
		{C8F24BFF-8E51-4557-90BA-7762E9AB351C}.Release|Any CPU.Build.0 = Release|Any CPU
	EndGlobalSection
EndGlobal
